
Microsoft Visual Studio Solution File, Format Version 11.00
# Visual Studio 2010
Project("{FAE04EC0-301F-11D3-BF4B-00C04F79EFBC}") = "Stop-Shooting-Me-", "Assembly-CSharp-firstpass.csproj", "{EA5B3129-C1A7-D2A4-8A14-825D98F32F76}"
EndProject
Project("{FAE04EC0-301F-11D3-BF4B-00C04F79EFBC}") = "Stop-Shooting-Me-", "Assembly-CSharp.csproj", "{60E457CF-B3B6-DC48-A96C-045E8AC95CDF}"
EndProject
Project("{FAE04EC0-301F-11D3-BF4B-00C04F79EFBC}") = "Stop-Shooting-Me-", "Assembly-CSharp-Editor-firstpass.csproj", "{1EC96F70-4F18-6E6C-984A-CF269E1907BE}"
EndProject
Project("{FAE04EC0-301F-11D3-BF4B-00C04F79EFBC}") = "Stop-Shooting-Me-", "Assembly-CSharp-Editor.csproj", "{7A5B5FE1-DD9C-D612-FB6F-588BF0FD7185}"
EndProject
Global
	GlobalSection(SolutionConfigurationPlatforms) = preSolution
		Debug|Any CPU = Debug|Any CPU
		Release|Any CPU = Release|Any CPU
	EndGlobalSection
	GlobalSection(ProjectConfigurationPlatforms) = postSolution
		{EA5B3129-C1A7-D2A4-8A14-825D98F32F76}.Debug|Any CPU.ActiveCfg = Debug|Any CPU
		{EA5B3129-C1A7-D2A4-8A14-825D98F32F76}.Debug|Any CPU.Build.0 = Debug|Any CPU
		{EA5B3129-C1A7-D2A4-8A14-825D98F32F76}.Release|Any CPU.ActiveCfg = Release|Any CPU
		{EA5B3129-C1A7-D2A4-8A14-825D98F32F76}.Release|Any CPU.Build.0 = Release|Any CPU
		{60E457CF-B3B6-DC48-A96C-045E8AC95CDF}.Debug|Any CPU.ActiveCfg = Debug|Any CPU
		{60E457CF-B3B6-DC48-A96C-045E8AC95CDF}.Debug|Any CPU.Build.0 = Debug|Any CPU
		{60E457CF-B3B6-DC48-A96C-045E8AC95CDF}.Release|Any CPU.ActiveCfg = Release|Any CPU
		{60E457CF-B3B6-DC48-A96C-045E8AC95CDF}.Release|Any CPU.Build.0 = Release|Any CPU
		{1EC96F70-4F18-6E6C-984A-CF269E1907BE}.Debug|Any CPU.ActiveCfg = Debug|Any CPU
		{1EC96F70-4F18-6E6C-984A-CF269E1907BE}.Debug|Any CPU.Build.0 = Debug|Any CPU
		{1EC96F70-4F18-6E6C-984A-CF269E1907BE}.Release|Any CPU.ActiveCfg = Release|Any CPU
		{1EC96F70-4F18-6E6C-984A-CF269E1907BE}.Release|Any CPU.Build.0 = Release|Any CPU
		{7A5B5FE1-DD9C-D612-FB6F-588BF0FD7185}.Debug|Any CPU.ActiveCfg = Debug|Any CPU
		{7A5B5FE1-DD9C-D612-FB6F-588BF0FD7185}.Debug|Any CPU.Build.0 = Debug|Any CPU
		{7A5B5FE1-DD9C-D612-FB6F-588BF0FD7185}.Release|Any CPU.ActiveCfg = Release|Any CPU
		{7A5B5FE1-DD9C-D612-FB6F-588BF0FD7185}.Release|Any CPU.Build.0 = Release|Any CPU
	EndGlobalSection
	GlobalSection(SolutionProperties) = preSolution
		HideSolutionNode = FALSE
	EndGlobalSection
	GlobalSection(MonoDevelopProperties) = preSolution
		StartupItem = Assembly-CSharp.csproj
	EndGlobalSection
EndGlobal
